
Microsoft Visual Studio Solution File, Format Version 12.00
# Visual Studio 14
VisualStudioVersion = 14.0.25420.1
MinimumVisualStudioVersion = 10.0.40219.1
Project("{FAE04EC0-301F-11D3-BF4B-00C04F79EFBC}") = "GeoSenaWeb", "GeoSenaWeb\GeoSenaWeb.csproj", "{8A0C9D38-E1D8-496A-B837-7313D94EAD8F}"
EndProject
Project("{FAE04EC0-301F-11D3-BF4B-00C04F79EFBC}") = "GeoSenaWeb.Tests", "GeoSenaWeb.Tests\GeoSenaWeb.Tests.csproj", "{0CD1659C-1F8E-41F7-AC2D-77FB1F57AAEA}"
EndProject
Project("{FAE04EC0-301F-11D3-BF4B-00C04F79EFBC}") = "CAD", "CAD\CAD.csproj", "{7020C783-A283-4C3F-BB35-105B28279151}"
EndProject
Global
	GlobalSection(SolutionConfigurationPlatforms) = preSolution
		Debug|Any CPU = Debug|Any CPU
		Release|Any CPU = Release|Any CPU
	EndGlobalSection
	GlobalSection(ProjectConfigurationPlatforms) = postSolution
		{8A0C9D38-E1D8-496A-B837-7313D94EAD8F}.Debug|Any CPU.ActiveCfg = Debug|Any CPU
		{8A0C9D38-E1D8-496A-B837-7313D94EAD8F}.Debug|Any CPU.Build.0 = Debug|Any CPU
		{8A0C9D38-E1D8-496A-B837-7313D94EAD8F}.Release|Any CPU.ActiveCfg = Release|Any CPU
		{8A0C9D38-E1D8-496A-B837-7313D94EAD8F}.Release|Any CPU.Build.0 = Release|Any CPU
		{0CD1659C-1F8E-41F7-AC2D-77FB1F57AAEA}.Debug|Any CPU.ActiveCfg = Debug|Any CPU
		{0CD1659C-1F8E-41F7-AC2D-77FB1F57AAEA}.Debug|Any CPU.Build.0 = Debug|Any CPU
		{0CD1659C-1F8E-41F7-AC2D-77FB1F57AAEA}.Release|Any CPU.ActiveCfg = Release|Any CPU
		{0CD1659C-1F8E-41F7-AC2D-77FB1F57AAEA}.Release|Any CPU.Build.0 = Release|Any CPU
		{7020C783-A283-4C3F-BB35-105B28279151}.Debug|Any CPU.ActiveCfg = Debug|Any CPU
		{7020C783-A283-4C3F-BB35-105B28279151}.Debug|Any CPU.Build.0 = Debug|Any CPU
		{7020C783-A283-4C3F-BB35-105B28279151}.Release|Any CPU.ActiveCfg = Release|Any CPU
		{7020C783-A283-4C3F-BB35-105B28279151}.Release|Any CPU.Build.0 = Release|Any CPU
	EndGlobalSection
	GlobalSection(SolutionProperties) = preSolution
		HideSolutionNode = FALSE
	EndGlobalSection
EndGlobal
